
Microsoft Visual Studio Solution File, Format Version 12.00
# Visual Studio Version 17
VisualStudioVersion = 17.9.34607.119
MinimumVisualStudioVersion = 10.0.40219.1
Project("{FAE04EC0-301F-11D3-BF4B-00C04F79EFBC}") = "week4Loops", "week4Loops\week4Loops.csproj", "{C4CF250E-FF80-4474-950A-CB445DED400C}"
EndProject
Project("{FAE04EC0-301F-11D3-BF4B-00C04F79EFBC}") = "ForLoopsSum", "ForLoopsSum\ForLoopsSum.csproj", "{68EDD9AA-821D-4474-8B42-B2F5DD240A5C}"
EndProject
Project("{FAE04EC0-301F-11D3-BF4B-00C04F79EFBC}") = "RandomNumber", "RandomNumber\RandomNumber.csproj", "{3E915915-A630-45E5-B00A-8B2EDFE3785A}"
EndProject
Project("{FAE04EC0-301F-11D3-BF4B-00C04F79EFBC}") = "WhileLoops", "WhileLoops\WhileLoops.csproj", "{D89D73D9-1F06-43A7-A414-CE8BC6F1A126}"
EndProject
Global
	GlobalSection(SolutionConfigurationPlatforms) = preSolution
		Debug|Any CPU = Debug|Any CPU
		Release|Any CPU = Release|Any CPU
	EndGlobalSection
	GlobalSection(ProjectConfigurationPlatforms) = postSolution
		{C4CF250E-FF80-4474-950A-CB445DED400C}.Debug|Any CPU.ActiveCfg = Debug|Any CPU
		{C4CF250E-FF80-4474-950A-CB445DED400C}.Debug|Any CPU.Build.0 = Debug|Any CPU
		{C4CF250E-FF80-4474-950A-CB445DED400C}.Release|Any CPU.ActiveCfg = Release|Any CPU
		{C4CF250E-FF80-4474-950A-CB445DED400C}.Release|Any CPU.Build.0 = Release|Any CPU
		{68EDD9AA-821D-4474-8B42-B2F5DD240A5C}.Debug|Any CPU.ActiveCfg = Debug|Any CPU
		{68EDD9AA-821D-4474-8B42-B2F5DD240A5C}.Debug|Any CPU.Build.0 = Debug|Any CPU
		{68EDD9AA-821D-4474-8B42-B2F5DD240A5C}.Release|Any CPU.ActiveCfg = Release|Any CPU
		{68EDD9AA-821D-4474-8B42-B2F5DD240A5C}.Release|Any CPU.Build.0 = Release|Any CPU
		{3E915915-A630-45E5-B00A-8B2EDFE3785A}.Debug|Any CPU.ActiveCfg = Debug|Any CPU
		{3E915915-A630-45E5-B00A-8B2EDFE3785A}.Debug|Any CPU.Build.0 = Debug|Any CPU
		{3E915915-A630-45E5-B00A-8B2EDFE3785A}.Release|Any CPU.ActiveCfg = Release|Any CPU
		{3E915915-A630-45E5-B00A-8B2EDFE3785A}.Release|Any CPU.Build.0 = Release|Any CPU
		{D89D73D9-1F06-43A7-A414-CE8BC6F1A126}.Debug|Any CPU.ActiveCfg = Debug|Any CPU
		{D89D73D9-1F06-43A7-A414-CE8BC6F1A126}.Debug|Any CPU.Build.0 = Debug|Any CPU
		{D89D73D9-1F06-43A7-A414-CE8BC6F1A126}.Release|Any CPU.ActiveCfg = Release|Any CPU
		{D89D73D9-1F06-43A7-A414-CE8BC6F1A126}.Release|Any CPU.Build.0 = Release|Any CPU
	EndGlobalSection
	GlobalSection(SolutionProperties) = preSolution
		HideSolutionNode = FALSE
	EndGlobalSection
	GlobalSection(ExtensibilityGlobals) = postSolution
		SolutionGuid = {72F99445-1B8A-4079-AE43-15743C04FD46}
	EndGlobalSection
EndGlobal
